
Microsoft Visual Studio Solution File, Format Version 9.00
# Visual Studio 2005
Project("{FAE04EC0-301F-11D3-BF4B-00C04F79EFBC}") = "Draw 3d", "Draw 3d\Draw 3d.csproj", "{F7E79820-F48B-4952-9301-17C11D08D852}"
EndProject
Global
	GlobalSection(SolutionConfigurationPlatforms) = preSolution
		Debug|Any CPU = Debug|Any CPU
		Release|Any CPU = Release|Any CPU
	EndGlobalSection
	GlobalSection(ProjectConfigurationPlatforms) = postSolution
		{F7E79820-F48B-4952-9301-17C11D08D852}.Debug|Any CPU.ActiveCfg = Debug|Any CPU
		{F7E79820-F48B-4952-9301-17C11D08D852}.Debug|Any CPU.Build.0 = Debug|Any CPU
		{F7E79820-F48B-4952-9301-17C11D08D852}.Release|Any CPU.ActiveCfg = Release|Any CPU
		{F7E79820-F48B-4952-9301-17C11D08D852}.Release|Any CPU.Build.0 = Release|Any CPU
	EndGlobalSection
	GlobalSection(SolutionProperties) = preSolution
		HideSolutionNode = FALSE
	EndGlobalSection
EndGlobal
